
Microsoft Visual Studio Solution File, Format Version 12.00
# Visual Studio Version 17
VisualStudioVersion = 17.9.34728.123
MinimumVisualStudioVersion = 10.0.40219.1
Project("{FAE04EC0-301F-11D3-BF4B-00C04F79EFBC}") = "net-ef-videogame", "net-ef-videogame.csproj", "{B536CFBA-1292-41E9-9561-5848E61E26EA}"
EndProject
Global
	GlobalSection(SolutionConfigurationPlatforms) = preSolution
		Debug|Any CPU = Debug|Any CPU
		Release|Any CPU = Release|Any CPU
	EndGlobalSection
	GlobalSection(ProjectConfigurationPlatforms) = postSolution
		{B536CFBA-1292-41E9-9561-5848E61E26EA}.Debug|Any CPU.ActiveCfg = Debug|Any CPU
		{B536CFBA-1292-41E9-9561-5848E61E26EA}.Debug|Any CPU.Build.0 = Debug|Any CPU
		{B536CFBA-1292-41E9-9561-5848E61E26EA}.Release|Any CPU.ActiveCfg = Release|Any CPU
		{B536CFBA-1292-41E9-9561-5848E61E26EA}.Release|Any CPU.Build.0 = Release|Any CPU
	EndGlobalSection
	GlobalSection(SolutionProperties) = preSolution
		HideSolutionNode = FALSE
	EndGlobalSection
	GlobalSection(ExtensibilityGlobals) = postSolution
		SolutionGuid = {B6594EE9-25C6-4C34-9C2F-3C8F860CB2BC}
	EndGlobalSection
EndGlobal
